
Microsoft Visual Studio Solution File, Format Version 12.00
# Visual Studio Version 16
VisualStudioVersion = 16.0.30804.86
MinimumVisualStudioVersion = 10.0.40219.1
Project("{FAE04EC0-301F-11D3-BF4B-00C04F79EFBC}") = "BanVeMayBay", "BanVeMayBay.csproj", "{5656A80B-174F-4688-AC7B-0E29AC6AE918}"
EndProject
Global
	GlobalSection(SolutionConfigurationPlatforms) = preSolution
		Debug|Any CPU = Debug|Any CPU
		Release|Any CPU = Release|Any CPU
	EndGlobalSection
	GlobalSection(ProjectConfigurationPlatforms) = postSolution
		{5656A80B-174F-4688-AC7B-0E29AC6AE918}.Debug|Any CPU.ActiveCfg = Debug|Any CPU
		{5656A80B-174F-4688-AC7B-0E29AC6AE918}.Debug|Any CPU.Build.0 = Debug|Any CPU
		{5656A80B-174F-4688-AC7B-0E29AC6AE918}.Release|Any CPU.ActiveCfg = Release|Any CPU
		{5656A80B-174F-4688-AC7B-0E29AC6AE918}.Release|Any CPU.Build.0 = Release|Any CPU
	EndGlobalSection
	GlobalSection(SolutionProperties) = preSolution
		HideSolutionNode = FALSE
	EndGlobalSection
	GlobalSection(ExtensibilityGlobals) = postSolution
		SolutionGuid = {A9122784-EAAD-43B7-BF6D-E9B42D103FB8}
	EndGlobalSection
EndGlobal
